// !$*UTF8*$!
{
	archiveVersion = 1;
	classes = {
	};
	objectVersion = 46;
	objects = {

/* Begin PBXBuildFile section */
		0018B7601CF965BE00DB71CD /* AppDelegate.swift in Sources */ = {isa = PBXBuildFile; fileRef = 0018B75F1CF965BE00DB71CD /* AppDelegate.swift */; };
		0018B7621CF965BE00DB71CD /* ViewController.swift in Sources */ = {isa = PBXBuildFile; fileRef = 0018B7611CF965BE00DB71CD /* ViewController.swift */; };
		0018B7651CF965BE00DB71CD /* Main.storyboard in Resources */ = {isa = PBXBuildFile; fileRef = 0018B7631CF965BE00DB71CD /* Main.storyboard */; };
		0018B7671CF965BE00DB71CD /* Assets.xcassets in Resources */ = {isa = PBXBuildFile; fileRef = 0018B7661CF965BE00DB71CD /* Assets.xcassets */; };
		0018B76A1CF965BE00DB71CD /* LaunchScreen.storyboard in Resources */ = {isa = PBXBuildFile; fileRef = 0018B7681CF965BE00DB71CD /* LaunchScreen.storyboard */; };
		0018B7751CF965BE00DB71CD /* YHToolKitTests.swift in Sources */ = {isa = PBXBuildFile; fileRef = 0018B7741CF965BE00DB71CD /* YHToolKitTests.swift */; };
		0018B7801CF965BE00DB71CD /* YHToolKitUITests.swift in Sources */ = {isa = PBXBuildFile; fileRef = 0018B77F1CF965BE00DB71CD /* YHToolKitUITests.swift */; };
		0018B7901CF9792200DB71CD /* NSFileManager+Path.swift in Sources */ = {isa = PBXBuildFile; fileRef = 0018B78F1CF9792200DB71CD /* NSFileManager+Path.swift */; };
		0070A6321D2FDCAB00865EF3 /* UIVIew+AniMarco.swift in Sources */ = {isa = PBXBuildFile; fileRef = 0070A6311D2FDCAB00865EF3 /* UIVIew+AniMarco.swift */; };
		0084B5E51D32371A00E80315 /* YHFocusAnimator.swift in Sources */ = {isa = PBXBuildFile; fileRef = 0084B5E41D32371A00E80315 /* YHFocusAnimator.swift */; };
		00A4CEBE1D30C9180010B4B1 /* TransitionViewController.swift in Sources */ = {isa = PBXBuildFile; fileRef = 00A4CEBD1D30C9180010B4B1 /* TransitionViewController.swift */; };
		00A4CEC01D30E78A0010B4B1 /* ImageDisplayViewController.swift in Sources */ = {isa = PBXBuildFile; fileRef = 00A4CEBF1D30E78A0010B4B1 /* ImageDisplayViewController.swift */; };
		00A4CECA1D3209F20010B4B1 /* ImageCollectionViewCell.swift in Sources */ = {isa = PBXBuildFile; fileRef = 00A4CEC91D3209F20010B4B1 /* ImageCollectionViewCell.swift */; };
/* End PBXBuildFile section */

/* Begin PBXContainerItemProxy section */
		0018B7711CF965BE00DB71CD /* PBXContainerItemProxy */ = {
			isa = PBXContainerItemProxy;
			containerPortal = 0018B7541CF965BD00DB71CD /* Project object */;
			proxyType = 1;
			remoteGlobalIDString = 0018B75B1CF965BD00DB71CD;
			remoteInfo = YHToolKit;
		};
		0018B77C1CF965BE00DB71CD /* PBXContainerItemProxy */ = {
			isa = PBXContainerItemProxy;
			containerPortal = 0018B7541CF965BD00DB71CD /* Project object */;
			proxyType = 1;
			remoteGlobalIDString = 0018B75B1CF965BD00DB71CD;
			remoteInfo = YHToolKit;
		};
/* End PBXContainerItemProxy section */

/* Begin PBXFileReference section */
		0018B75C1CF965BD00DB71CD /* YHToolKit.app */ = {isa = PBXFileReference; explicitFileType = wrapper.application; includeInIndex = 0; path = YHToolKit.app; sourceTree = BUILT_PRODUCTS_DIR; };
		0018B75F1CF965BE00DB71CD /* AppDelegate.swift */ = {isa = PBXFileReference; lastKnownFileType = sourcecode.swift; path = AppDelegate.swift; sourceTree = "<group>"; };
		0018B7611CF965BE00DB71CD /* ViewController.swift */ = {isa = PBXFileReference; lastKnownFileType = sourcecode.swift; path = ViewController.swift; sourceTree = "<group>"; };
		0018B7641CF965BE00DB71CD /* Base */ = {isa = PBXFileReference; lastKnownFileType = file.storyboard; name = Base; path = Base.lproj/Main.storyboard; sourceTree = "<group>"; };
		0018B7661CF965BE00DB71CD /* Assets.xcassets */ = {isa = PBXFileReference; lastKnownFileType = folder.assetcatalog; path = Assets.xcassets; sourceTree = "<group>"; };
		0018B7691CF965BE00DB71CD /* Base */ = {isa = PBXFileReference; lastKnownFileType = file.storyboard; name = Base; path = Base.lproj/LaunchScreen.storyboard; sourceTree = "<group>"; };
		0018B76B1CF965BE00DB71CD /* Info.plist */ = {isa = PBXFileReference; lastKnownFileType = text.plist.xml; path = Info.plist; sourceTree = "<group>"; };
		0018B7701CF965BE00DB71CD /* YHToolKitTests.xctest */ = {isa = PBXFileReference; explicitFileType = wrapper.cfbundle; includeInIndex = 0; path = YHToolKitTests.xctest; sourceTree = BUILT_PRODUCTS_DIR; };
		0018B7741CF965BE00DB71CD /* YHToolKitTests.swift */ = {isa = PBXFileReference; lastKnownFileType = sourcecode.swift; path = YHToolKitTests.swift; sourceTree = "<group>"; };
		0018B7761CF965BE00DB71CD /* Info.plist */ = {isa = PBXFileReference; lastKnownFileType = text.plist.xml; path = Info.plist; sourceTree = "<group>"; };
		0018B77B1CF965BE00DB71CD /* YHToolKitUITests.xctest */ = {isa = PBXFileReference; explicitFileType = wrapper.cfbundle; includeInIndex = 0; path = YHToolKitUITests.xctest; sourceTree = BUILT_PRODUCTS_DIR; };
		0018B77F1CF965BE00DB71CD /* YHToolKitUITests.swift */ = {isa = PBXFileReference; lastKnownFileType = sourcecode.swift; path = YHToolKitUITests.swift; sourceTree = "<group>"; };
		0018B7811CF965BE00DB71CD /* Info.plist */ = {isa = PBXFileReference; lastKnownFileType = text.plist.xml; path = Info.plist; sourceTree = "<group>"; };
		0018B78F1CF9792200DB71CD /* NSFileManager+Path.swift */ = {isa = PBXFileReference; fileEncoding = 4; lastKnownFileType = sourcecode.swift; path = "NSFileManager+Path.swift"; sourceTree = "<group>"; };
		0070A6311D2FDCAB00865EF3 /* UIVIew+AniMarco.swift */ = {isa = PBXFileReference; fileEncoding = 4; lastKnownFileType = sourcecode.swift; path = "UIVIew+AniMarco.swift"; sourceTree = "<group>"; };
		0084B5E41D32371A00E80315 /* YHFocusAnimator.swift */ = {isa = PBXFileReference; fileEncoding = 4; lastKnownFileType = sourcecode.swift; path = YHFocusAnimator.swift; sourceTree = "<group>"; };
		00A4CEBD1D30C9180010B4B1 /* TransitionViewController.swift */ = {isa = PBXFileReference; fileEncoding = 4; lastKnownFileType = sourcecode.swift; path = TransitionViewController.swift; sourceTree = "<group>"; };
		00A4CEBF1D30E78A0010B4B1 /* ImageDisplayViewController.swift */ = {isa = PBXFileReference; fileEncoding = 4; lastKnownFileType = sourcecode.swift; path = ImageDisplayViewController.swift; sourceTree = "<group>"; };
		00A4CEC91D3209F20010B4B1 /* ImageCollectionViewCell.swift */ = {isa = PBXFileReference; fileEncoding = 4; lastKnownFileType = sourcecode.swift; path = ImageCollectionViewCell.swift; sourceTree = "<group>"; };
/* End PBXFileReference section */

/* Begin PBXFrameworksBuildPhase section */
		0018B7591CF965BD00DB71CD /* Frameworks */ = {
			isa = PBXFrameworksBuildPhase;
			buildActionMask = 2147483647;
			files = (
			);
			runOnlyForDeploymentPostprocessing = 0;
		};
		0018B76D1CF965BE00DB71CD /* Frameworks */ = {
			isa = PBXFrameworksBuildPhase;
			buildActionMask = 2147483647;
			files = (
			);
			runOnlyForDeploymentPostprocessing = 0;
		};
		0018B7781CF965BE00DB71CD /* Frameworks */ = {
			isa = PBXFrameworksBuildPhase;
			buildActionMask = 2147483647;
			files = (
			);
			runOnlyForDeploymentPostprocessing = 0;
		};
/* End PBXFrameworksBuildPhase section */

/* Begin PBXGroup section */
		0018B7531CF965BD00DB71CD = {
			isa = PBXGroup;
			children = (
				0018B75E1CF965BE00DB71CD /* YHToolKit */,
				0018B7731CF965BE00DB71CD /* YHToolKitTests */,
				0018B77E1CF965BE00DB71CD /* YHToolKitUITests */,
				0018B75D1CF965BD00DB71CD /* Products */,
			);
			sourceTree = "<group>";
		};
		0018B75D1CF965BD00DB71CD /* Products */ = {
			isa = PBXGroup;
			children = (
				0018B75C1CF965BD00DB71CD /* YHToolKit.app */,
				0018B7701CF965BE00DB71CD /* YHToolKitTests.xctest */,
				0018B77B1CF965BE00DB71CD /* YHToolKitUITests.xctest */,
			);
			name = Products;
			sourceTree = "<group>";
		};
		0018B75E1CF965BE00DB71CD /* YHToolKit */ = {
			isa = PBXGroup;
			children = (
				00A4CEBA1D30C8A60010B4B1 /* Example */,
				0070A6301D2FDC9300865EF3 /* YHAniExtension */,
				0018B78D1CF978B000DB71CD /* YHFileExtension */,
				0018B78E1CF978B000DB71CD /* YHUIExtension */,
				0018B75F1CF965BE00DB71CD /* AppDelegate.swift */,
				0018B7611CF965BE00DB71CD /* ViewController.swift */,
				0018B7631CF965BE00DB71CD /* Main.storyboard */,
				0018B7661CF965BE00DB71CD /* Assets.xcassets */,
				0018B7681CF965BE00DB71CD /* LaunchScreen.storyboard */,
				0018B76B1CF965BE00DB71CD /* Info.plist */,
			);
			path = YHToolKit;
			sourceTree = "<group>";
		};
		0018B7731CF965BE00DB71CD /* YHToolKitTests */ = {
			isa = PBXGroup;
			children = (
				0018B7741CF965BE00DB71CD /* YHToolKitTests.swift */,
				0018B7761CF965BE00DB71CD /* Info.plist */,
			);
			path = YHToolKitTests;
			sourceTree = "<group>";
		};
		0018B77E1CF965BE00DB71CD /* YHToolKitUITests */ = {
			isa = PBXGroup;
			children = (
				0018B77F1CF965BE00DB71CD /* YHToolKitUITests.swift */,
				0018B7811CF965BE00DB71CD /* Info.plist */,
			);
			path = YHToolKitUITests;
			sourceTree = "<group>";
		};
		0018B78D1CF978B000DB71CD /* YHFileExtension */ = {
			isa = PBXGroup;
			children = (
				0018B78F1CF9792200DB71CD /* NSFileManager+Path.swift */,
			);
			path = YHFileExtension;
			sourceTree = "<group>";
		};
		0018B78E1CF978B000DB71CD /* YHUIExtension */ = {
			isa = PBXGroup;
			children = (
				0084B5E41D32371A00E80315 /* YHFocusAnimator.swift */,
			);
			path = YHUIExtension;
			sourceTree = "<group>";
		};
		0070A6301D2FDC9300865EF3 /* YHAniExtension */ = {
			isa = PBXGroup;
			children = (
				0070A6311D2FDCAB00865EF3 /* UIVIew+AniMarco.swift */,
			);
			path = YHAniExtension;
			sourceTree = "<group>";
		};
		00A4CEBA1D30C8A60010B4B1 /* Example */ = {
			isa = PBXGroup;
			children = (
				00A4CEBD1D30C9180010B4B1 /* TransitionViewController.swift */,
				00A4CEBF1D30E78A0010B4B1 /* ImageDisplayViewController.swift */,
				00A4CEC91D3209F20010B4B1 /* ImageCollectionViewCell.swift */,
			);
			path = Example;
			sourceTree = "<group>";
		};
/* End PBXGroup section */

/* Begin PBXNativeTarget section */
		0018B75B1CF965BD00DB71CD /* YHToolKit */ = {
			isa = PBXNativeTarget;
			buildConfigurationList = 0018B7841CF965BE00DB71CD /* Build configuration list for PBXNativeTarget "YHToolKit" */;
			buildPhases = (
				0018B7581CF965BD00DB71CD /* Sources */,
				0018B7591CF965BD00DB71CD /* Frameworks */,
				0018B75A1CF965BD00DB71CD /* Resources */,
			);
			buildRules = (
			);
			dependencies = (
			);
			name = YHToolKit;
			productName = YHToolKit;
			productReference = 0018B75C1CF965BD00DB71CD /* YHToolKit.app */;
			productType = "com.apple.product-type.application";
		};
		0018B76F1CF965BE00DB71CD /* YHToolKitTests */ = {
			isa = PBXNativeTarget;
			buildConfigurationList = 0018B7871CF965BE00DB71CD /* Build configuration list for PBXNativeTarget "YHToolKitTests" */;
			buildPhases = (
				0018B76C1CF965BE00DB71CD /* Sources */,
				0018B76D1CF965BE00DB71CD /* Frameworks */,
				0018B76E1CF965BE00DB71CD /* Resources */,
			);
			buildRules = (
			);
			dependencies = (
				0018B7721CF965BE00DB71CD /* PBXTargetDependency */,
			);
			name = YHToolKitTests;
			productName = YHToolKitTests;
			productReference = 0018B7701CF965BE00DB71CD /* YHToolKitTests.xctest */;
			productType = "com.apple.product-type.bundle.unit-test";
		};
		0018B77A1CF965BE00DB71CD /* YHToolKitUITests */ = {
			isa = PBXNativeTarget;
			buildConfigurationList = 0018B78A1CF965BE00DB71CD /* Build configuration list for PBXNativeTarget "YHToolKitUITests" */;
			buildPhases = (
				0018B7771CF965BE00DB71CD /* Sources */,
				0018B7781CF965BE00DB71CD /* Frameworks */,
				0018B7791CF965BE00DB71CD /* Resources */,
			);
			buildRules = (
			);
			dependencies = (
				0018B77D1CF965BE00DB71CD /* PBXTargetDependency */,
			);
			name = YHToolKitUITests;
			productName = YHToolKitUITests;
			productReference = 0018B77B1CF965BE00DB71CD /* YHToolKitUITests.xctest */;
			productType = "com.apple.product-type.bundle.ui-testing";
		};
/* End PBXNativeTarget section */

/* Begin PBXProject section */
		0018B7541CF965BD00DB71CD /* Project object */ = {
			isa = PBXProject;
			attributes = {
				LastSwiftUpdateCheck = 0730;
				LastUpgradeCheck = 0730;
				ORGANIZATIONNAME = JeffLin;
				TargetAttributes = {
					0018B75B1CF965BD00DB71CD = {
						CreatedOnToolsVersion = 7.3.1;
						LastSwiftMigration = 0800;
					};
					0018B76F1CF965BE00DB71CD = {
						CreatedOnToolsVersion = 7.3.1;
						LastSwiftMigration = 0800;
						TestTargetID = 0018B75B1CF965BD00DB71CD;
					};
					0018B77A1CF965BE00DB71CD = {
						CreatedOnToolsVersion = 7.3.1;
						LastSwiftMigration = 0800;
						TestTargetID = 0018B75B1CF965BD00DB71CD;
					};
				};
			};
			buildConfigurationList = 0018B7571CF965BD00DB71CD /* Build configuration list for PBXProject "YHToolKit" */;
			compatibilityVersion = "Xcode 3.2";
			developmentRegion = English;
			hasScannedForEncodings = 0;
			knownRegions = (
				en,
				Base,
			);
			mainGroup = 0018B7531CF965BD00DB71CD;
			productRefGroup = 0018B75D1CF965BD00DB71CD /* Products */;
			projectDirPath = "";
			projectRoot = "";
			targets = (
				0018B75B1CF965BD00DB71CD /* YHToolKit */,
				0018B76F1CF965BE00DB71CD /* YHToolKitTests */,
				0018B77A1CF965BE00DB71CD /* YHToolKitUITests */,
			);
		};
/* End PBXProject section */

/* Begin PBXResourcesBuildPhase section */
		0018B75A1CF965BD00DB71CD /* Resources */ = {
			isa = PBXResourcesBuildPhase;
			buildActionMask = 2147483647;
			files = (
				0018B76A1CF965BE00DB71CD /* LaunchScreen.storyboard in Resources */,
				0018B7671CF965BE00DB71CD /* Assets.xcassets in Resources */,
				0018B7651CF965BE00DB71CD /* Main.storyboard in Resources */,
			);
			runOnlyForDeploymentPostprocessing = 0;
		};
		0018B76E1CF965BE00DB71CD /* Resources */ = {
			isa = PBXResourcesBuildPhase;
			buildActionMask = 2147483647;
			files = (
			);
			runOnlyForDeploymentPostprocessing = 0;
		};
		0018B7791CF965BE00DB71CD /* Resources */ = {
			isa = PBXResourcesBuildPhase;
			buildActionMask = 2147483647;
			files = (
			);
			runOnlyForDeploymentPostprocessing = 0;
		};
/* End PBXResourcesBuildPhase section */

/* Begin PBXSourcesBuildPhase section */
		0018B7581CF965BD00DB71CD /* Sources */ = {
			isa = PBXSourcesBuildPhase;
			buildActionMask = 2147483647;
			files = (
				0018B7901CF9792200DB71CD /* NSFileManager+Path.swift in Sources */,
				0018B7621CF965BE00DB71CD /* ViewController.swift in Sources */,
				0070A6321D2FDCAB00865EF3 /* UIVIew+AniMarco.swift in Sources */,
				00A4CECA1D3209F20010B4B1 /* ImageCollectionViewCell.swift in Sources */,
				0084B5E51D32371A00E80315 /* YHFocusAnimator.swift in Sources */,
				00A4CEC01D30E78A0010B4B1 /* ImageDisplayViewController.swift in Sources */,
				00A4CEBE1D30C9180010B4B1 /* TransitionViewController.swift in Sources */,
				0018B7601CF965BE00DB71CD /* AppDelegate.swift in Sources */,
			);
			runOnlyForDeploymentPostprocessing = 0;
		};
		0018B76C1CF965BE00DB71CD /* Sources */ = {
			isa = PBXSourcesBuildPhase;
			buildActionMask = 2147483647;
			files = (
				0018B7751CF965BE00DB71CD /* YHToolKitTests.swift in Sources */,
			);
			runOnlyForDeploymentPostprocessing = 0;
		};
		0018B7771CF965BE00DB71CD /* Sources */ = {
			isa = PBXSourcesBuildPhase;
			buildActionMask = 2147483647;
			files = (
				0018B7801CF965BE00DB71CD /* YHToolKitUITests.swift in Sources */,
			);
			runOnlyForDeploymentPostprocessing = 0;
		};
/* End PBXSourcesBuildPhase section */

/* Begin PBXTargetDependency section */
		0018B7721CF965BE00DB71CD /* PBXTargetDependency */ = {
			isa = PBXTargetDependency;
			target = 0018B75B1CF965BD00DB71CD /* YHToolKit */;
			targetProxy = 0018B7711CF965BE00DB71CD /* PBXContainerItemProxy */;
		};
		0018B77D1CF965BE00DB71CD /* PBXTargetDependency */ = {
			isa = PBXTargetDependency;
			target = 0018B75B1CF965BD00DB71CD /* YHToolKit */;
			targetProxy = 0018B77C1CF965BE00DB71CD /* PBXContainerItemProxy */;
		};
/* End PBXTargetDependency section */

/* Begin PBXVariantGroup section */
		0018B7631CF965BE00DB71CD /* Main.storyboard */ = {
			isa = PBXVariantGroup;
			children = (
				0018B7641CF965BE00DB71CD /* Base */,
			);
			name = Main.storyboard;
			sourceTree = "<group>";
		};
		0018B7681CF965BE00DB71CD /* LaunchScreen.storyboard */ = {
			isa = PBXVariantGroup;
			children = (
				0018B7691CF965BE00DB71CD /* Base */,
			);
			name = LaunchScreen.storyboard;
			sourceTree = "<group>";
		};
/* End PBXVariantGroup section */

/* Begin XCBuildConfiguration section */
		0018B7821CF965BE00DB71CD /* Debug */ = {
			isa = XCBuildConfiguration;
			buildSettings = {
				ALWAYS_SEARCH_USER_PATHS = NO;
				CLANG_ANALYZER_NONNULL = YES;
				CLANG_CXX_LANGUAGE_STANDARD = "gnu++0x";
				CLANG_CXX_LIBRARY = "libc++";
				CLANG_ENABLE_MODULES = YES;
				CLANG_ENABLE_OBJC_ARC = YES;
				CLANG_WARN_BOOL_CONVERSION = YES;
				CLANG_WARN_CONSTANT_CONVERSION = YES;
				CLANG_WARN_DIRECT_OBJC_ISA_USAGE = YES_ERROR;
				CLANG_WARN_EMPTY_BODY = YES;
				CLANG_WARN_ENUM_CONVERSION = YES;
				CLANG_WARN_INT_CONVERSION = YES;
				CLANG_WARN_OBJC_ROOT_CLASS = YES_ERROR;
				CLANG_WARN_UNREACHABLE_CODE = YES;
				CLANG_WARN__DUPLICATE_METHOD_MATCH = YES;
				"CODE_SIGN_IDENTITY[sdk=iphoneos*]" = "iPhone Developer";
				COPY_PHASE_STRIP = NO;
				DEBUG_INFORMATION_FORMAT = dwarf;
				ENABLE_STRICT_OBJC_MSGSEND = YES;
				ENABLE_TESTABILITY = YES;
				GCC_C_LANGUAGE_STANDARD = gnu99;
				GCC_DYNAMIC_NO_PIC = NO;
				GCC_NO_COMMON_BLOCKS = YES;
				GCC_OPTIMIZATION_LEVEL = 0;
				GCC_PREPROCESSOR_DEFINITIONS = (
					"DEBUG=1",
					"$(inherited)",
				);
				GCC_WARN_64_TO_32_BIT_CONVERSION = YES;
				GCC_WARN_ABOUT_RETURN_TYPE = YES_ERROR;
				GCC_WARN_UNDECLARED_SELECTOR = YES;
				GCC_WARN_UNINITIALIZED_AUTOS = YES_AGGRESSIVE;
				GCC_WARN_UNUSED_FUNCTION = YES;
				GCC_WARN_UNUSED_VARIABLE = YES;
				IPHONEOS_DEPLOYMENT_TARGET = 9.3;
				MTL_ENABLE_DEBUG_INFO = YES;
				ONLY_ACTIVE_ARCH = YES;
				SDKROOT = iphoneos;
				SWIFT_OPTIMIZATION_LEVEL = "-Onone";
			};
			name = Debug;
		};
		0018B7831CF965BE00DB71CD /* Release */ = {
			isa = XCBuildConfiguration;
			buildSettings = {
				ALWAYS_SEARCH_USER_PATHS = NO;
				CLANG_ANALYZER_NONNULL = YES;
				CLANG_CXX_LANGUAGE_STANDARD = "gnu++0x";
				CLANG_CXX_LIBRARY = "libc++";
				CLANG_ENABLE_MODULES = YES;
				CLANG_ENABLE_OBJC_ARC = YES;
				CLANG_WARN_BOOL_CONVERSION = YES;
				CLANG_WARN_CONSTANT_CONVERSION = YES;
				CLANG_WARN_DIRECT_OBJC_ISA_USAGE = YES_ERROR;
				CLANG_WARN_EMPTY_BODY = YES;
				CLANG_WARN_ENUM_CONVERSION = YES;
				CLANG_WARN_INT_CONVERSION = YES;
				CLANG_WARN_OBJC_ROOT_CLASS = YES_ERROR;
				CLANG_WARN_UNREACHABLE_CODE = YES;
				CLANG_WARN__DUPLICATE_METHOD_MATCH = YES;
				"CODE_SIGN_IDENTITY[sdk=iphoneos*]" = "iPhone Developer";
				COPY_PHASE_STRIP = NO;
				DEBUG_INFORMATION_FORMAT = "dwarf-with-dsym";
				ENABLE_NS_ASSERTIONS = NO;
				ENABLE_STRICT_OBJC_MSGSEND = YES;
				GCC_C_LANGUAGE_STANDARD = gnu99;
				GCC_NO_COMMON_BLOCKS = YES;
				GCC_WARN_64_TO_32_BIT_CONVERSION = YES;
				GCC_WARN_ABOUT_RETURN_TYPE = YES_ERROR;
				GCC_WARN_UNDECLARED_SELECTOR = YES;
				GCC_WARN_UNINITIALIZED_AUTOS = YES_AGGRESSIVE;
				GCC_WARN_UNUSED_FUNCTION = YES;
				GCC_WARN_UNUSED_VARIABLE = YES;
				IPHONEOS_DEPLOYMENT_TARGET = 9.3;
				MTL_ENABLE_DEBUG_INFO = NO;
				SDKROOT = iphoneos;
				VALIDATE_PRODUCT = YES;
			};
			name = Release;
		};
		0018B7851CF965BE00DB71CD /* Debug */ = {
			isa = XCBuildConfiguration;
			buildSettings = {
				ASSETCATALOG_COMPILER_APPICON_NAME = AppIcon;
				INFOPLIST_FILE = YHToolKit/Info.plist;
				LD_RUNPATH_SEARCH_PATHS = "$(inherited) @executable_path/Frameworks";
				PRODUCT_BUNDLE_IDENTIFIER = com.kenobilyh.YHToolKit;
				PRODUCT_NAME = "$(TARGET_NAME)";
				SWIFT_VERSION = 3.0;
			};
			name = Debug;
		};
		0018B7861CF965BE00DB71CD /* Release */ = {
			isa = XCBuildConfiguration;
			buildSettings = {
				ASSETCATALOG_COMPILER_APPICON_NAME = AppIcon;
				INFOPLIST_FILE = YHToolKit/Info.plist;
				LD_RUNPATH_SEARCH_PATHS = "$(inherited) @executable_path/Frameworks";
				PRODUCT_BUNDLE_IDENTIFIER = com.kenobilyh.YHToolKit;
				PRODUCT_NAME = "$(TARGET_NAME)";
				SWIFT_VERSION = 3.0;
			};
			name = Release;
		};
		0018B7881CF965BE00DB71CD /* Debug */ = {
			isa = XCBuildConfiguration;
			buildSettings = {
				BUNDLE_LOADER = "$(TEST_HOST)";
				INFOPLIST_FILE = YHToolKitTests/Info.plist;
				LD_RUNPATH_SEARCH_PATHS = "$(inherited) @executable_path/Frameworks @loader_path/Frameworks";
				PRODUCT_BUNDLE_IDENTIFIER = com.kenobilyh.YHToolKitTests;
				PRODUCT_NAME = "$(TARGET_NAME)";
				SWIFT_VERSION = 3.0;
				TEST_HOST = "$(BUILT_PRODUCTS_DIR)/YHToolKit.app/YHToolKit";
			};
			name = Debug;
		};
		0018B7891CF965BE00DB71CD /* Release */ = {
			isa = XCBuildConfiguration;
			buildSettings = {
				BUNDLE_LOADER = "$(TEST_HOST)";
				INFOPLIST_FILE = YHToolKitTests/Info.plist;
				LD_RUNPATH_SEARCH_PATHS = "$(inherited) @executable_path/Frameworks @loader_path/Frameworks";
				PRODUCT_BUNDLE_IDENTIFIER = com.kenobilyh.YHToolKitTests;
				PRODUCT_NAME = "$(TARGET_NAME)";
				SWIFT_VERSION = 3.0;
				TEST_HOST = "$(BUILT_PRODUCTS_DIR)/YHToolKit.app/YHToolKit";
			};
			name = Release;
		};
		0018B78B1CF965BE00DB71CD /* Debug */ = {
			isa = XCBuildConfiguration;
			buildSettings = {
				INFOPLIST_FILE = YHToolKitUITests/Info.plist;
				LD_RUNPATH_SEARCH_PATHS = "$(inherited) @executable_path/Frameworks @loader_path/Frameworks";
				PRODUCT_BUNDLE_IDENTIFIER = com.kenobilyh.YHToolKitUITests;
				PRODUCT_NAME = "$(TARGET_NAME)";
				SWIFT_VERSION = 3.0;
				TEST_TARGET_NAME = YHToolKit;
			};
			name = Debug;
		};
		0018B78C1CF965BE00DB71CD /* Release */ = {
			isa = XCBuildConfiguration;
			buildSettings = {
				INFOPLIST_FILE = YHToolKitUITests/Info.plist;
				LD_RUNPATH_SEARCH_PATHS = "$(inherited) @executable_path/Frameworks @loader_path/Frameworks";
				PRODUCT_BUNDLE_IDENTIFIER = com.kenobilyh.YHToolKitUITests;
				PRODUCT_NAME = "$(TARGET_NAME)";
				SWIFT_VERSION = 3.0;
				TEST_TARGET_NAME = YHToolKit;
			};
			name = Release;
		};
/* End XCBuildConfiguration section */

/* Begin XCConfigurationList section */
		0018B7571CF965BD00DB71CD /* Build configuration list for PBXProject "YHToolKit" */ = {
			isa = XCConfigurationList;
			buildConfigurations = (
				0018B7821CF965BE00DB71CD /* Debug */,
				0018B7831CF965BE00DB71CD /* Release */,
			);
			defaultConfigurationIsVisible = 0;
			defaultConfigurationName = Release;
		};
		0018B7841CF965BE00DB71CD /* Build configuration list for PBXNativeTarget "YHToolKit" */ = {
			isa = XCConfigurationList;
			buildConfigurations = (
				0018B7851CF965BE00DB71CD /* Debug */,
				0018B7861CF965BE00DB71CD /* Release */,
			);
			defaultConfigurationIsVisible = 0;
			defaultConfigurationName = Release;
		};
		0018B7871CF965BE00DB71CD /* Build configuration list for PBXNativeTarget "YHToolKitTests" */ = {
			isa = XCConfigurationList;
			buildConfigurations = (
				0018B7881CF965BE00DB71CD /* Debug */,
				0018B7891CF965BE00DB71CD /* Release */,
			);
			defaultConfigurationIsVisible = 0;
			defaultConfigurationName = Release;
		};
		0018B78A1CF965BE00DB71CD /* Build configuration list for PBXNativeTarget "YHToolKitUITests" */ = {
			isa = XCConfigurationList;
			buildConfigurations = (
				0018B78B1CF965BE00DB71CD /* Debug */,
				0018B78C1CF965BE00DB71CD /* Release */,
			);
			defaultConfigurationIsVisible = 0;
			defaultConfigurationName = Release;
		};
/* End XCConfigurationList section */
	};
	rootObject = 0018B7541CF965BD00DB71CD /* Project object */;
}
